// !$*UTF8*$!
{
	archiveVersion = 1;
	classes = {
	};
	objectVersion = 46;
	objects = {

/* Begin PBXBuildFile section */
		929599B31C7CC60600D58AC9 /* AppDelegate.swift in Sources */ = {isa = PBXBuildFile; fileRef = 929599B21C7CC60600D58AC9 /* AppDelegate.swift */; };
		929599B51C7CC60600D58AC9 /* MasterViewController.swift in Sources */ = {isa = PBXBuildFile; fileRef = 929599B41C7CC60600D58AC9 /* MasterViewController.swift */; };
		929599BA1C7CC60600D58AC9 /* Main.storyboard in Resources */ = {isa = PBXBuildFile; fileRef = 929599B81C7CC60600D58AC9 /* Main.storyboard */; };
		929599BC1C7CC60600D58AC9 /* Assets.xcassets in Resources */ = {isa = PBXBuildFile; fileRef = 929599BB1C7CC60600D58AC9 /* Assets.xcassets */; };
		929599BF1C7CC60600D58AC9 /* LaunchScreen.storyboard in Resources */ = {isa = PBXBuildFile; fileRef = 929599BD1C7CC60600D58AC9 /* LaunchScreen.storyboard */; };
		929599C81C7CCA0900D58AC9 /* start.txt in Resources */ = {isa = PBXBuildFile; fileRef = 929599C71C7CCA0900D58AC9 /* start.txt */; };
/* End PBXBuildFile section */

/* Begin PBXFileReference section */
		929599AF1C7CC60600D58AC9 /* Project5.app */ = {isa = PBXFileReference; explicitFileType = wrapper.application; includeInIndex = 0; path = Project5.app; sourceTree = BUILT_PRODUCTS_DIR; };
		929599B21C7CC60600D58AC9 /* AppDelegate.swift */ = {isa = PBXFileReference; lastKnownFileType = sourcecode.swift; path = AppDelegate.swift; sourceTree = "<group>"; };
		929599B41C7CC60600D58AC9 /* MasterViewController.swift */ = {isa = PBXFileReference; lastKnownFileType = sourcecode.swift; path = MasterViewController.swift; sourceTree = "<group>"; };
		929599B91C7CC60600D58AC9 /* Base */ = {isa = PBXFileReference; lastKnownFileType = file.storyboard; name = Base; path = Base.lproj/Main.storyboard; sourceTree = "<group>"; };
		929599BB1C7CC60600D58AC9 /* Assets.xcassets */ = {isa = PBXFileReference; lastKnownFileType = folder.assetcatalog; path = Assets.xcassets; sourceTree = "<group>"; };
		929599BE1C7CC60600D58AC9 /* Base */ = {isa = PBXFileReference; lastKnownFileType = file.storyboard; name = Base; path = Base.lproj/LaunchScreen.storyboard; sourceTree = "<group>"; };
		929599C01C7CC60600D58AC9 /* Info.plist */ = {isa = PBXFileReference; lastKnownFileType = text.plist.xml; path = Info.plist; sourceTree = "<group>"; };
		929599C71C7CCA0900D58AC9 /* start.txt */ = {isa = PBXFileReference; fileEncoding = 4; lastKnownFileType = text; path = start.txt; sourceTree = "<group>"; };
/* End PBXFileReference section */

/* Begin PBXFrameworksBuildPhase section */
		929599AC1C7CC60600D58AC9 /* Frameworks */ = {
			isa = PBXFrameworksBuildPhase;
			buildActionMask = 2147483647;
			files = (
			);
			runOnlyForDeploymentPostprocessing = 0;
		};
/* End PBXFrameworksBuildPhase section */

/* Begin PBXGroup section */
		929599A61C7CC60600D58AC9 = {
			isa = PBXGroup;
			children = (
				929599B11C7CC60600D58AC9 /* Project5 */,
				929599B01C7CC60600D58AC9 /* Products */,
			);
			sourceTree = "<group>";
		};
		929599B01C7CC60600D58AC9 /* Products */ = {
			isa = PBXGroup;
			children = (
				929599AF1C7CC60600D58AC9 /* Project5.app */,
			);
			name = Products;
			sourceTree = "<group>";
		};
		929599B11C7CC60600D58AC9 /* Project5 */ = {
			isa = PBXGroup;
			children = (
				929599B21C7CC60600D58AC9 /* AppDelegate.swift */,
				929599B41C7CC60600D58AC9 /* MasterViewController.swift */,
				929599B81C7CC60600D58AC9 /* Main.storyboard */,
				929599BB1C7CC60600D58AC9 /* Assets.xcassets */,
				929599BD1C7CC60600D58AC9 /* LaunchScreen.storyboard */,
				929599C01C7CC60600D58AC9 /* Info.plist */,
				929599C61C7CCA0900D58AC9 /* Content */,
			);
			path = Project5;
			sourceTree = "<group>";
		};
		929599C61C7CCA0900D58AC9 /* Content */ = {
			isa = PBXGroup;
			children = (
				929599C71C7CCA0900D58AC9 /* start.txt */,
			);
			path = Content;
			sourceTree = "<group>";
		};
/* End PBXGroup section */

/* Begin PBXNativeTarget section */
		929599AE1C7CC60600D58AC9 /* Project5 */ = {
			isa = PBXNativeTarget;
			buildConfigurationList = 929599C31C7CC60600D58AC9 /* Build configuration list for PBXNativeTarget "Project5" */;
			buildPhases = (
				929599AB1C7CC60600D58AC9 /* Sources */,
				929599AC1C7CC60600D58AC9 /* Frameworks */,
				929599AD1C7CC60600D58AC9 /* Resources */,
			);
			buildRules = (
			);
			dependencies = (
			);
			name = Project5;
			productName = Project5;
			productReference = 929599AF1C7CC60600D58AC9 /* Project5.app */;
			productType = "com.apple.product-type.application";
		};
/* End PBXNativeTarget section */

/* Begin PBXProject section */
		929599A71C7CC60600D58AC9 /* Project object */ = {
			isa = PBXProject;
			attributes = {
				LastSwiftUpdateCheck = 0720;
				LastUpgradeCheck = 0720;
				ORGANIZATIONNAME = "Zach Foster";
				TargetAttributes = {
					929599AE1C7CC60600D58AC9 = {
						CreatedOnToolsVersion = 7.2.1;
						DevelopmentTeam = WZ3FSG8JJ8;
					};
				};
			};
			buildConfigurationList = 929599AA1C7CC60600D58AC9 /* Build configuration list for PBXProject "Project5" */;
			compatibilityVersion = "Xcode 3.2";
			developmentRegion = English;
			hasScannedForEncodings = 0;
			knownRegions = (
				en,
				Base,
			);
			mainGroup = 929599A61C7CC60600D58AC9;
			productRefGroup = 929599B01C7CC60600D58AC9 /* Products */;
			projectDirPath = "";
			projectRoot = "";
			targets = (
				929599AE1C7CC60600D58AC9 /* Project5 */,
			);
		};
/* End PBXProject section */

/* Begin PBXResourcesBuildPhase section */
		929599AD1C7CC60600D58AC9 /* Resources */ = {
			isa = PBXResourcesBuildPhase;
			buildActionMask = 2147483647;
			files = (
				929599BF1C7CC60600D58AC9 /* LaunchScreen.storyboard in Resources */,
				929599C81C7CCA0900D58AC9 /* start.txt in Resources */,
				929599BC1C7CC60600D58AC9 /* Assets.xcassets in Resources */,
				929599BA1C7CC60600D58AC9 /* Main.storyboard in Resources */,
			);
			runOnlyForDeploymentPostprocessing = 0;
		};
/* End PBXResourcesBuildPhase section */

/* Begin PBXSourcesBuildPhase section */
		929599AB1C7CC60600D58AC9 /* Sources */ = {
			isa = PBXSourcesBuildPhase;
			buildActionMask = 2147483647;
			files = (
				929599B51C7CC60600D58AC9 /* MasterViewController.swift in Sources */,
				929599B31C7CC60600D58AC9 /* AppDelegate.swift in Sources */,
			);
			runOnlyForDeploymentPostprocessing = 0;
		};
/* End PBXSourcesBuildPhase section */

/* Begin PBXVariantGroup section */
		929599B81C7CC60600D58AC9 /* Main.storyboard */ = {
			isa = PBXVariantGroup;
			children = (
				929599B91C7CC60600D58AC9 /* Base */,
			);
			name = Main.storyboard;
			sourceTree = "<group>";
		};
		929599BD1C7CC60600D58AC9 /* LaunchScreen.storyboard */ = {
			isa = PBXVariantGroup;
			children = (
				929599BE1C7CC60600D58AC9 /* Base */,
			);
			name = LaunchScreen.storyboard;
			sourceTree = "<group>";
		};
/* End PBXVariantGroup section */

/* Begin XCBuildConfiguration section */
		929599C11C7CC60600D58AC9 /* Debug */ = {
			isa = XCBuildConfiguration;
			buildSettings = {
				ALWAYS_SEARCH_USER_PATHS = NO;
				CLANG_CXX_LANGUAGE_STANDARD = "gnu++0x";
				CLANG_CXX_LIBRARY = "libc++";
				CLANG_ENABLE_MODULES = YES;
				CLANG_ENABLE_OBJC_ARC = YES;
				CLANG_WARN_BOOL_CONVERSION = YES;
				CLANG_WARN_CONSTANT_CONVERSION = YES;
				CLANG_WARN_DIRECT_OBJC_ISA_USAGE = YES_ERROR;
				CLANG_WARN_EMPTY_BODY = YES;
				CLANG_WARN_ENUM_CONVERSION = YES;
				CLANG_WARN_INT_CONVERSION = YES;
				CLANG_WARN_OBJC_ROOT_CLASS = YES_ERROR;
				CLANG_WARN_UNREACHABLE_CODE = YES;
				CLANG_WARN__DUPLICATE_METHOD_MATCH = YES;
				"CODE_SIGN_IDENTITY[sdk=iphoneos*]" = "iPhone Developer";
				COPY_PHASE_STRIP = NO;
				DEBUG_INFORMATION_FORMAT = dwarf;
				ENABLE_STRICT_OBJC_MSGSEND = YES;
				ENABLE_TESTABILITY = YES;
				GCC_C_LANGUAGE_STANDARD = gnu99;
				GCC_DYNAMIC_NO_PIC = NO;
				GCC_NO_COMMON_BLOCKS = YES;
				GCC_OPTIMIZATION_LEVEL = 0;
				GCC_PREPROCESSOR_DEFINITIONS = (
					"DEBUG=1",
					"$(inherited)",
				);
				GCC_WARN_64_TO_32_BIT_CONVERSION = YES;
				GCC_WARN_ABOUT_RETURN_TYPE = YES_ERROR;
				GCC_WARN_UNDECLARED_SELECTOR = YES;
				GCC_WARN_UNINITIALIZED_AUTOS = YES_AGGRESSIVE;
				GCC_WARN_UNUSED_FUNCTION = YES;
				GCC_WARN_UNUSED_VARIABLE = YES;
				IPHONEOS_DEPLOYMENT_TARGET = 9.2;
				MTL_ENABLE_DEBUG_INFO = YES;
				ONLY_ACTIVE_ARCH = YES;
				SDKROOT = iphoneos;
				SWIFT_OPTIMIZATION_LEVEL = "-Onone";
			};
			name = Debug;
		};
		929599C21C7CC60600D58AC9 /* Release */ = {
			isa = XCBuildConfiguration;
			buildSettings = {
				ALWAYS_SEARCH_USER_PATHS = NO;
				CLANG_CXX_LANGUAGE_STANDARD = "gnu++0x";
				CLANG_CXX_LIBRARY = "libc++";
				CLANG_ENABLE_MODULES = YES;
				CLANG_ENABLE_OBJC_ARC = YES;
				CLANG_WARN_BOOL_CONVERSION = YES;
				CLANG_WARN_CONSTANT_CONVERSION = YES;
				CLANG_WARN_DIRECT_OBJC_ISA_USAGE = YES_ERROR;
				CLANG_WARN_EMPTY_BODY = YES;
				CLANG_WARN_ENUM_CONVERSION = YES;
				CLANG_WARN_INT_CONVERSION = YES;
				CLANG_WARN_OBJC_ROOT_CLASS = YES_ERROR;
				CLANG_WARN_UNREACHABLE_CODE = YES;
				CLANG_WARN__DUPLICATE_METHOD_MATCH = YES;
				"CODE_SIGN_IDENTITY[sdk=iphoneos*]" = "iPhone Developer";
				COPY_PHASE_STRIP = NO;
				DEBUG_INFORMATION_FORMAT = "dwarf-with-dsym";
				ENABLE_NS_ASSERTIONS = NO;
				ENABLE_STRICT_OBJC_MSGSEND = YES;
				GCC_C_LANGUAGE_STANDARD = gnu99;
				GCC_NO_COMMON_BLOCKS = YES;
				GCC_WARN_64_TO_32_BIT_CONVERSION = YES;
				GCC_WARN_ABOUT_RETURN_TYPE = YES_ERROR;
				GCC_WARN_UNDECLARED_SELECTOR = YES;
				GCC_WARN_UNINITIALIZED_AUTOS = YES_AGGRESSIVE;
				GCC_WARN_UNUSED_FUNCTION = YES;
				GCC_WARN_UNUSED_VARIABLE = YES;
				IPHONEOS_DEPLOYMENT_TARGET = 9.2;
				MTL_ENABLE_DEBUG_INFO = NO;
				SDKROOT = iphoneos;
				VALIDATE_PRODUCT = YES;
			};
			name = Release;
		};
		929599C41C7CC60600D58AC9 /* Debug */ = {
			isa = XCBuildConfiguration;
			buildSettings = {
				ASSETCATALOG_COMPILER_APPICON_NAME = AppIcon;
				INFOPLIST_FILE = Project5/Info.plist;
				LD_RUNPATH_SEARCH_PATHS = "$(inherited) @executable_path/Frameworks";
				PRODUCT_BUNDLE_IDENTIFIER = com.zfost.Project5;
				PRODUCT_NAME = "$(TARGET_NAME)";
			};
			name = Debug;
		};
		929599C51C7CC60600D58AC9 /* Release */ = {
			isa = XCBuildConfiguration;
			buildSettings = {
				ASSETCATALOG_COMPILER_APPICON_NAME = AppIcon;
				INFOPLIST_FILE = Project5/Info.plist;
				LD_RUNPATH_SEARCH_PATHS = "$(inherited) @executable_path/Frameworks";
				PRODUCT_BUNDLE_IDENTIFIER = com.zfost.Project5;
				PRODUCT_NAME = "$(TARGET_NAME)";
			};
			name = Release;
		};
/* End XCBuildConfiguration section */

/* Begin XCConfigurationList section */
		929599AA1C7CC60600D58AC9 /* Build configuration list for PBXProject "Project5" */ = {
			isa = XCConfigurationList;
			buildConfigurations = (
				929599C11C7CC60600D58AC9 /* Debug */,
				929599C21C7CC60600D58AC9 /* Release */,
			);
			defaultConfigurationIsVisible = 0;
			defaultConfigurationName = Release;
		};
		929599C31C7CC60600D58AC9 /* Build configuration list for PBXNativeTarget "Project5" */ = {
			isa = XCConfigurationList;
			buildConfigurations = (
				929599C41C7CC60600D58AC9 /* Debug */,
				929599C51C7CC60600D58AC9 /* Release */,
			);
			defaultConfigurationIsVisible = 0;
		};
/* End XCConfigurationList section */
	};
	rootObject = 929599A71C7CC60600D58AC9 /* Project object */;
}
