// !$*UTF8*$!
{
	archiveVersion = 1;
	classes = {
	};
	objectVersion = 46;
	objects = {

/* Begin PBXBuildFile section */
		92CAD6201C988D0B00E7637E /* AppDelegate.swift in Sources */ = {isa = PBXBuildFile; fileRef = 92CAD61F1C988D0B00E7637E /* AppDelegate.swift */; };
		92CAD6221C988D0B00E7637E /* ViewController.swift in Sources */ = {isa = PBXBuildFile; fileRef = 92CAD6211C988D0B00E7637E /* ViewController.swift */; };
		92CAD6251C988D0B00E7637E /* Main.storyboard in Resources */ = {isa = PBXBuildFile; fileRef = 92CAD6231C988D0B00E7637E /* Main.storyboard */; };
		92CAD6271C988D0B00E7637E /* Assets.xcassets in Resources */ = {isa = PBXBuildFile; fileRef = 92CAD6261C988D0B00E7637E /* Assets.xcassets */; };
		92CAD62A1C988D0B00E7637E /* LaunchScreen.storyboard in Resources */ = {isa = PBXBuildFile; fileRef = 92CAD6281C988D0B00E7637E /* LaunchScreen.storyboard */; };
/* End PBXBuildFile section */

/* Begin PBXFileReference section */
		92CAD61C1C988D0B00E7637E /* Project21-local-notifications.app */ = {isa = PBXFileReference; explicitFileType = wrapper.application; includeInIndex = 0; path = "Project21-local-notifications.app"; sourceTree = BUILT_PRODUCTS_DIR; };
		92CAD61F1C988D0B00E7637E /* AppDelegate.swift */ = {isa = PBXFileReference; lastKnownFileType = sourcecode.swift; path = AppDelegate.swift; sourceTree = "<group>"; };
		92CAD6211C988D0B00E7637E /* ViewController.swift */ = {isa = PBXFileReference; lastKnownFileType = sourcecode.swift; path = ViewController.swift; sourceTree = "<group>"; };
		92CAD6241C988D0B00E7637E /* Base */ = {isa = PBXFileReference; lastKnownFileType = file.storyboard; name = Base; path = Base.lproj/Main.storyboard; sourceTree = "<group>"; };
		92CAD6261C988D0B00E7637E /* Assets.xcassets */ = {isa = PBXFileReference; lastKnownFileType = folder.assetcatalog; path = Assets.xcassets; sourceTree = "<group>"; };
		92CAD6291C988D0B00E7637E /* Base */ = {isa = PBXFileReference; lastKnownFileType = file.storyboard; name = Base; path = Base.lproj/LaunchScreen.storyboard; sourceTree = "<group>"; };
		92CAD62B1C988D0B00E7637E /* Info.plist */ = {isa = PBXFileReference; lastKnownFileType = text.plist.xml; path = Info.plist; sourceTree = "<group>"; };
/* End PBXFileReference section */

/* Begin PBXFrameworksBuildPhase section */
		92CAD6191C988D0B00E7637E /* Frameworks */ = {
			isa = PBXFrameworksBuildPhase;
			buildActionMask = 2147483647;
			files = (
			);
			runOnlyForDeploymentPostprocessing = 0;
		};
/* End PBXFrameworksBuildPhase section */

/* Begin PBXGroup section */
		92CAD6131C988D0B00E7637E = {
			isa = PBXGroup;
			children = (
				92CAD61E1C988D0B00E7637E /* Project21-local-notifications */,
				92CAD61D1C988D0B00E7637E /* Products */,
			);
			sourceTree = "<group>";
		};
		92CAD61D1C988D0B00E7637E /* Products */ = {
			isa = PBXGroup;
			children = (
				92CAD61C1C988D0B00E7637E /* Project21-local-notifications.app */,
			);
			name = Products;
			sourceTree = "<group>";
		};
		92CAD61E1C988D0B00E7637E /* Project21-local-notifications */ = {
			isa = PBXGroup;
			children = (
				92CAD61F1C988D0B00E7637E /* AppDelegate.swift */,
				92CAD6211C988D0B00E7637E /* ViewController.swift */,
				92CAD6231C988D0B00E7637E /* Main.storyboard */,
				92CAD6261C988D0B00E7637E /* Assets.xcassets */,
				92CAD6281C988D0B00E7637E /* LaunchScreen.storyboard */,
				92CAD62B1C988D0B00E7637E /* Info.plist */,
			);
			path = "Project21-local-notifications";
			sourceTree = "<group>";
		};
/* End PBXGroup section */

/* Begin PBXNativeTarget section */
		92CAD61B1C988D0B00E7637E /* Project21-local-notifications */ = {
			isa = PBXNativeTarget;
			buildConfigurationList = 92CAD62E1C988D0B00E7637E /* Build configuration list for PBXNativeTarget "Project21-local-notifications" */;
			buildPhases = (
				92CAD6181C988D0B00E7637E /* Sources */,
				92CAD6191C988D0B00E7637E /* Frameworks */,
				92CAD61A1C988D0B00E7637E /* Resources */,
			);
			buildRules = (
			);
			dependencies = (
			);
			name = "Project21-local-notifications";
			productName = "Project21-local-notifications";
			productReference = 92CAD61C1C988D0B00E7637E /* Project21-local-notifications.app */;
			productType = "com.apple.product-type.application";
		};
/* End PBXNativeTarget section */

/* Begin PBXProject section */
		92CAD6141C988D0B00E7637E /* Project object */ = {
			isa = PBXProject;
			attributes = {
				LastSwiftUpdateCheck = 0720;
				LastUpgradeCheck = 0720;
				ORGANIZATIONNAME = "Zach Foster";
				TargetAttributes = {
					92CAD61B1C988D0B00E7637E = {
						CreatedOnToolsVersion = 7.2.1;
						DevelopmentTeam = WZ3FSG8JJ8;
					};
				};
			};
			buildConfigurationList = 92CAD6171C988D0B00E7637E /* Build configuration list for PBXProject "Project21-local-notifications" */;
			compatibilityVersion = "Xcode 3.2";
			developmentRegion = English;
			hasScannedForEncodings = 0;
			knownRegions = (
				en,
				Base,
			);
			mainGroup = 92CAD6131C988D0B00E7637E;
			productRefGroup = 92CAD61D1C988D0B00E7637E /* Products */;
			projectDirPath = "";
			projectRoot = "";
			targets = (
				92CAD61B1C988D0B00E7637E /* Project21-local-notifications */,
			);
		};
/* End PBXProject section */

/* Begin PBXResourcesBuildPhase section */
		92CAD61A1C988D0B00E7637E /* Resources */ = {
			isa = PBXResourcesBuildPhase;
			buildActionMask = 2147483647;
			files = (
				92CAD62A1C988D0B00E7637E /* LaunchScreen.storyboard in Resources */,
				92CAD6271C988D0B00E7637E /* Assets.xcassets in Resources */,
				92CAD6251C988D0B00E7637E /* Main.storyboard in Resources */,
			);
			runOnlyForDeploymentPostprocessing = 0;
		};
/* End PBXResourcesBuildPhase section */

/* Begin PBXSourcesBuildPhase section */
		92CAD6181C988D0B00E7637E /* Sources */ = {
			isa = PBXSourcesBuildPhase;
			buildActionMask = 2147483647;
			files = (
				92CAD6221C988D0B00E7637E /* ViewController.swift in Sources */,
				92CAD6201C988D0B00E7637E /* AppDelegate.swift in Sources */,
			);
			runOnlyForDeploymentPostprocessing = 0;
		};
/* End PBXSourcesBuildPhase section */

/* Begin PBXVariantGroup section */
		92CAD6231C988D0B00E7637E /* Main.storyboard */ = {
			isa = PBXVariantGroup;
			children = (
				92CAD6241C988D0B00E7637E /* Base */,
			);
			name = Main.storyboard;
			sourceTree = "<group>";
		};
		92CAD6281C988D0B00E7637E /* LaunchScreen.storyboard */ = {
			isa = PBXVariantGroup;
			children = (
				92CAD6291C988D0B00E7637E /* Base */,
			);
			name = LaunchScreen.storyboard;
			sourceTree = "<group>";
		};
/* End PBXVariantGroup section */

/* Begin XCBuildConfiguration section */
		92CAD62C1C988D0B00E7637E /* Debug */ = {
			isa = XCBuildConfiguration;
			buildSettings = {
				ALWAYS_SEARCH_USER_PATHS = NO;
				CLANG_CXX_LANGUAGE_STANDARD = "gnu++0x";
				CLANG_CXX_LIBRARY = "libc++";
				CLANG_ENABLE_MODULES = YES;
				CLANG_ENABLE_OBJC_ARC = YES;
				CLANG_WARN_BOOL_CONVERSION = YES;
				CLANG_WARN_CONSTANT_CONVERSION = YES;
				CLANG_WARN_DIRECT_OBJC_ISA_USAGE = YES_ERROR;
				CLANG_WARN_EMPTY_BODY = YES;
				CLANG_WARN_ENUM_CONVERSION = YES;
				CLANG_WARN_INT_CONVERSION = YES;
				CLANG_WARN_OBJC_ROOT_CLASS = YES_ERROR;
				CLANG_WARN_UNREACHABLE_CODE = YES;
				CLANG_WARN__DUPLICATE_METHOD_MATCH = YES;
				"CODE_SIGN_IDENTITY[sdk=iphoneos*]" = "iPhone Developer";
				COPY_PHASE_STRIP = NO;
				DEBUG_INFORMATION_FORMAT = dwarf;
				ENABLE_STRICT_OBJC_MSGSEND = YES;
				ENABLE_TESTABILITY = YES;
				GCC_C_LANGUAGE_STANDARD = gnu99;
				GCC_DYNAMIC_NO_PIC = NO;
				GCC_NO_COMMON_BLOCKS = YES;
				GCC_OPTIMIZATION_LEVEL = 0;
				GCC_PREPROCESSOR_DEFINITIONS = (
					"DEBUG=1",
					"$(inherited)",
				);
				GCC_WARN_64_TO_32_BIT_CONVERSION = YES;
				GCC_WARN_ABOUT_RETURN_TYPE = YES_ERROR;
				GCC_WARN_UNDECLARED_SELECTOR = YES;
				GCC_WARN_UNINITIALIZED_AUTOS = YES_AGGRESSIVE;
				GCC_WARN_UNUSED_FUNCTION = YES;
				GCC_WARN_UNUSED_VARIABLE = YES;
				IPHONEOS_DEPLOYMENT_TARGET = 9.2;
				MTL_ENABLE_DEBUG_INFO = YES;
				ONLY_ACTIVE_ARCH = YES;
				SDKROOT = iphoneos;
				SWIFT_OPTIMIZATION_LEVEL = "-Onone";
				TARGETED_DEVICE_FAMILY = "1,2";
			};
			name = Debug;
		};
		92CAD62D1C988D0B00E7637E /* Release */ = {
			isa = XCBuildConfiguration;
			buildSettings = {
				ALWAYS_SEARCH_USER_PATHS = NO;
				CLANG_CXX_LANGUAGE_STANDARD = "gnu++0x";
				CLANG_CXX_LIBRARY = "libc++";
				CLANG_ENABLE_MODULES = YES;
				CLANG_ENABLE_OBJC_ARC = YES;
				CLANG_WARN_BOOL_CONVERSION = YES;
				CLANG_WARN_CONSTANT_CONVERSION = YES;
				CLANG_WARN_DIRECT_OBJC_ISA_USAGE = YES_ERROR;
				CLANG_WARN_EMPTY_BODY = YES;
				CLANG_WARN_ENUM_CONVERSION = YES;
				CLANG_WARN_INT_CONVERSION = YES;
				CLANG_WARN_OBJC_ROOT_CLASS = YES_ERROR;
				CLANG_WARN_UNREACHABLE_CODE = YES;
				CLANG_WARN__DUPLICATE_METHOD_MATCH = YES;
				"CODE_SIGN_IDENTITY[sdk=iphoneos*]" = "iPhone Developer";
				COPY_PHASE_STRIP = NO;
				DEBUG_INFORMATION_FORMAT = "dwarf-with-dsym";
				ENABLE_NS_ASSERTIONS = NO;
				ENABLE_STRICT_OBJC_MSGSEND = YES;
				GCC_C_LANGUAGE_STANDARD = gnu99;
				GCC_NO_COMMON_BLOCKS = YES;
				GCC_WARN_64_TO_32_BIT_CONVERSION = YES;
				GCC_WARN_ABOUT_RETURN_TYPE = YES_ERROR;
				GCC_WARN_UNDECLARED_SELECTOR = YES;
				GCC_WARN_UNINITIALIZED_AUTOS = YES_AGGRESSIVE;
				GCC_WARN_UNUSED_FUNCTION = YES;
				GCC_WARN_UNUSED_VARIABLE = YES;
				IPHONEOS_DEPLOYMENT_TARGET = 9.2;
				MTL_ENABLE_DEBUG_INFO = NO;
				SDKROOT = iphoneos;
				TARGETED_DEVICE_FAMILY = "1,2";
				VALIDATE_PRODUCT = YES;
			};
			name = Release;
		};
		92CAD62F1C988D0B00E7637E /* Debug */ = {
			isa = XCBuildConfiguration;
			buildSettings = {
				ASSETCATALOG_COMPILER_APPICON_NAME = AppIcon;
				INFOPLIST_FILE = "Project21-local-notifications/Info.plist";
				LD_RUNPATH_SEARCH_PATHS = "$(inherited) @executable_path/Frameworks";
				PRODUCT_BUNDLE_IDENTIFIER = "com.zfost.Project21-local-notifications";
				PRODUCT_NAME = "$(TARGET_NAME)";
			};
			name = Debug;
		};
		92CAD6301C988D0B00E7637E /* Release */ = {
			isa = XCBuildConfiguration;
			buildSettings = {
				ASSETCATALOG_COMPILER_APPICON_NAME = AppIcon;
				INFOPLIST_FILE = "Project21-local-notifications/Info.plist";
				LD_RUNPATH_SEARCH_PATHS = "$(inherited) @executable_path/Frameworks";
				PRODUCT_BUNDLE_IDENTIFIER = "com.zfost.Project21-local-notifications";
				PRODUCT_NAME = "$(TARGET_NAME)";
			};
			name = Release;
		};
/* End XCBuildConfiguration section */

/* Begin XCConfigurationList section */
		92CAD6171C988D0B00E7637E /* Build configuration list for PBXProject "Project21-local-notifications" */ = {
			isa = XCConfigurationList;
			buildConfigurations = (
				92CAD62C1C988D0B00E7637E /* Debug */,
				92CAD62D1C988D0B00E7637E /* Release */,
			);
			defaultConfigurationIsVisible = 0;
			defaultConfigurationName = Release;
		};
		92CAD62E1C988D0B00E7637E /* Build configuration list for PBXNativeTarget "Project21-local-notifications" */ = {
			isa = XCConfigurationList;
			buildConfigurations = (
				92CAD62F1C988D0B00E7637E /* Debug */,
				92CAD6301C988D0B00E7637E /* Release */,
			);
			defaultConfigurationIsVisible = 0;
		};
/* End XCConfigurationList section */
	};
	rootObject = 92CAD6141C988D0B00E7637E /* Project object */;
}
