// !$*UTF8*$!
{
	archiveVersion = 1;
	classes = {
	};
	objectVersion = 46;
	objects = {

/* Begin PBXBuildFile section */
		9265E9C91C83EBE3008BA3F4 /* AppDelegate.swift in Sources */ = {isa = PBXBuildFile; fileRef = 9265E9C81C83EBE3008BA3F4 /* AppDelegate.swift */; };
		9265E9CB1C83EBE3008BA3F4 /* ViewController.swift in Sources */ = {isa = PBXBuildFile; fileRef = 9265E9CA1C83EBE3008BA3F4 /* ViewController.swift */; };
		9265E9CE1C83EBE3008BA3F4 /* Main.storyboard in Resources */ = {isa = PBXBuildFile; fileRef = 9265E9CC1C83EBE3008BA3F4 /* Main.storyboard */; };
		9265E9D01C83EBE3008BA3F4 /* Assets.xcassets in Resources */ = {isa = PBXBuildFile; fileRef = 9265E9CF1C83EBE3008BA3F4 /* Assets.xcassets */; };
		9265E9D31C83EBE3008BA3F4 /* LaunchScreen.storyboard in Resources */ = {isa = PBXBuildFile; fileRef = 9265E9D11C83EBE3008BA3F4 /* LaunchScreen.storyboard */; };
		9265E9DB1C83F1A9008BA3F4 /* PersonCell.swift in Sources */ = {isa = PBXBuildFile; fileRef = 9265E9DA1C83F1A9008BA3F4 /* PersonCell.swift */; };
		9265E9DD1C840065008BA3F4 /* Person.swift in Sources */ = {isa = PBXBuildFile; fileRef = 9265E9DC1C840065008BA3F4 /* Person.swift */; };
/* End PBXBuildFile section */

/* Begin PBXFileReference section */
		9265E9C51C83EBE3008BA3F4 /* Project10.app */ = {isa = PBXFileReference; explicitFileType = wrapper.application; includeInIndex = 0; path = Project10.app; sourceTree = BUILT_PRODUCTS_DIR; };
		9265E9C81C83EBE3008BA3F4 /* AppDelegate.swift */ = {isa = PBXFileReference; lastKnownFileType = sourcecode.swift; path = AppDelegate.swift; sourceTree = "<group>"; };
		9265E9CA1C83EBE3008BA3F4 /* ViewController.swift */ = {isa = PBXFileReference; lastKnownFileType = sourcecode.swift; path = ViewController.swift; sourceTree = "<group>"; };
		9265E9CD1C83EBE3008BA3F4 /* Base */ = {isa = PBXFileReference; lastKnownFileType = file.storyboard; name = Base; path = Base.lproj/Main.storyboard; sourceTree = "<group>"; };
		9265E9CF1C83EBE3008BA3F4 /* Assets.xcassets */ = {isa = PBXFileReference; lastKnownFileType = folder.assetcatalog; path = Assets.xcassets; sourceTree = "<group>"; };
		9265E9D21C83EBE3008BA3F4 /* Base */ = {isa = PBXFileReference; lastKnownFileType = file.storyboard; name = Base; path = Base.lproj/LaunchScreen.storyboard; sourceTree = "<group>"; };
		9265E9D41C83EBE3008BA3F4 /* Info.plist */ = {isa = PBXFileReference; lastKnownFileType = text.plist.xml; path = Info.plist; sourceTree = "<group>"; };
		9265E9DA1C83F1A9008BA3F4 /* PersonCell.swift */ = {isa = PBXFileReference; fileEncoding = 4; lastKnownFileType = sourcecode.swift; path = PersonCell.swift; sourceTree = "<group>"; };
		9265E9DC1C840065008BA3F4 /* Person.swift */ = {isa = PBXFileReference; fileEncoding = 4; lastKnownFileType = sourcecode.swift; path = Person.swift; sourceTree = "<group>"; };
/* End PBXFileReference section */

/* Begin PBXFrameworksBuildPhase section */
		9265E9C21C83EBE3008BA3F4 /* Frameworks */ = {
			isa = PBXFrameworksBuildPhase;
			buildActionMask = 2147483647;
			files = (
			);
			runOnlyForDeploymentPostprocessing = 0;
		};
/* End PBXFrameworksBuildPhase section */

/* Begin PBXGroup section */
		9265E9BC1C83EBE3008BA3F4 = {
			isa = PBXGroup;
			children = (
				9265E9C71C83EBE3008BA3F4 /* Project10 */,
				9265E9C61C83EBE3008BA3F4 /* Products */,
			);
			sourceTree = "<group>";
		};
		9265E9C61C83EBE3008BA3F4 /* Products */ = {
			isa = PBXGroup;
			children = (
				9265E9C51C83EBE3008BA3F4 /* Project10.app */,
			);
			name = Products;
			sourceTree = "<group>";
		};
		9265E9C71C83EBE3008BA3F4 /* Project10 */ = {
			isa = PBXGroup;
			children = (
				9265E9C81C83EBE3008BA3F4 /* AppDelegate.swift */,
				9265E9CA1C83EBE3008BA3F4 /* ViewController.swift */,
				9265E9CC1C83EBE3008BA3F4 /* Main.storyboard */,
				9265E9CF1C83EBE3008BA3F4 /* Assets.xcassets */,
				9265E9D11C83EBE3008BA3F4 /* LaunchScreen.storyboard */,
				9265E9D41C83EBE3008BA3F4 /* Info.plist */,
				9265E9DA1C83F1A9008BA3F4 /* PersonCell.swift */,
				9265E9DC1C840065008BA3F4 /* Person.swift */,
			);
			path = Project10;
			sourceTree = "<group>";
		};
/* End PBXGroup section */

/* Begin PBXNativeTarget section */
		9265E9C41C83EBE3008BA3F4 /* Project10 */ = {
			isa = PBXNativeTarget;
			buildConfigurationList = 9265E9D71C83EBE3008BA3F4 /* Build configuration list for PBXNativeTarget "Project10" */;
			buildPhases = (
				9265E9C11C83EBE3008BA3F4 /* Sources */,
				9265E9C21C83EBE3008BA3F4 /* Frameworks */,
				9265E9C31C83EBE3008BA3F4 /* Resources */,
			);
			buildRules = (
			);
			dependencies = (
			);
			name = Project10;
			productName = Project10;
			productReference = 9265E9C51C83EBE3008BA3F4 /* Project10.app */;
			productType = "com.apple.product-type.application";
		};
/* End PBXNativeTarget section */

/* Begin PBXProject section */
		9265E9BD1C83EBE3008BA3F4 /* Project object */ = {
			isa = PBXProject;
			attributes = {
				LastSwiftUpdateCheck = 0720;
				LastUpgradeCheck = 0720;
				ORGANIZATIONNAME = "Zach Foster";
				TargetAttributes = {
					9265E9C41C83EBE3008BA3F4 = {
						CreatedOnToolsVersion = 7.2.1;
						DevelopmentTeam = WZ3FSG8JJ8;
					};
				};
			};
			buildConfigurationList = 9265E9C01C83EBE3008BA3F4 /* Build configuration list for PBXProject "Project10" */;
			compatibilityVersion = "Xcode 3.2";
			developmentRegion = English;
			hasScannedForEncodings = 0;
			knownRegions = (
				en,
				Base,
			);
			mainGroup = 9265E9BC1C83EBE3008BA3F4;
			productRefGroup = 9265E9C61C83EBE3008BA3F4 /* Products */;
			projectDirPath = "";
			projectRoot = "";
			targets = (
				9265E9C41C83EBE3008BA3F4 /* Project10 */,
			);
		};
/* End PBXProject section */

/* Begin PBXResourcesBuildPhase section */
		9265E9C31C83EBE3008BA3F4 /* Resources */ = {
			isa = PBXResourcesBuildPhase;
			buildActionMask = 2147483647;
			files = (
				9265E9D31C83EBE3008BA3F4 /* LaunchScreen.storyboard in Resources */,
				9265E9D01C83EBE3008BA3F4 /* Assets.xcassets in Resources */,
				9265E9CE1C83EBE3008BA3F4 /* Main.storyboard in Resources */,
			);
			runOnlyForDeploymentPostprocessing = 0;
		};
/* End PBXResourcesBuildPhase section */

/* Begin PBXSourcesBuildPhase section */
		9265E9C11C83EBE3008BA3F4 /* Sources */ = {
			isa = PBXSourcesBuildPhase;
			buildActionMask = 2147483647;
			files = (
				9265E9DB1C83F1A9008BA3F4 /* PersonCell.swift in Sources */,
				9265E9CB1C83EBE3008BA3F4 /* ViewController.swift in Sources */,
				9265E9DD1C840065008BA3F4 /* Person.swift in Sources */,
				9265E9C91C83EBE3008BA3F4 /* AppDelegate.swift in Sources */,
			);
			runOnlyForDeploymentPostprocessing = 0;
		};
/* End PBXSourcesBuildPhase section */

/* Begin PBXVariantGroup section */
		9265E9CC1C83EBE3008BA3F4 /* Main.storyboard */ = {
			isa = PBXVariantGroup;
			children = (
				9265E9CD1C83EBE3008BA3F4 /* Base */,
			);
			name = Main.storyboard;
			sourceTree = "<group>";
		};
		9265E9D11C83EBE3008BA3F4 /* LaunchScreen.storyboard */ = {
			isa = PBXVariantGroup;
			children = (
				9265E9D21C83EBE3008BA3F4 /* Base */,
			);
			name = LaunchScreen.storyboard;
			sourceTree = "<group>";
		};
/* End PBXVariantGroup section */

/* Begin XCBuildConfiguration section */
		9265E9D51C83EBE3008BA3F4 /* Debug */ = {
			isa = XCBuildConfiguration;
			buildSettings = {
				ALWAYS_SEARCH_USER_PATHS = NO;
				CLANG_CXX_LANGUAGE_STANDARD = "gnu++0x";
				CLANG_CXX_LIBRARY = "libc++";
				CLANG_ENABLE_MODULES = YES;
				CLANG_ENABLE_OBJC_ARC = YES;
				CLANG_WARN_BOOL_CONVERSION = YES;
				CLANG_WARN_CONSTANT_CONVERSION = YES;
				CLANG_WARN_DIRECT_OBJC_ISA_USAGE = YES_ERROR;
				CLANG_WARN_EMPTY_BODY = YES;
				CLANG_WARN_ENUM_CONVERSION = YES;
				CLANG_WARN_INT_CONVERSION = YES;
				CLANG_WARN_OBJC_ROOT_CLASS = YES_ERROR;
				CLANG_WARN_UNREACHABLE_CODE = YES;
				CLANG_WARN__DUPLICATE_METHOD_MATCH = YES;
				"CODE_SIGN_IDENTITY[sdk=iphoneos*]" = "iPhone Developer";
				COPY_PHASE_STRIP = NO;
				DEBUG_INFORMATION_FORMAT = dwarf;
				ENABLE_STRICT_OBJC_MSGSEND = YES;
				ENABLE_TESTABILITY = YES;
				GCC_C_LANGUAGE_STANDARD = gnu99;
				GCC_DYNAMIC_NO_PIC = NO;
				GCC_NO_COMMON_BLOCKS = YES;
				GCC_OPTIMIZATION_LEVEL = 0;
				GCC_PREPROCESSOR_DEFINITIONS = (
					"DEBUG=1",
					"$(inherited)",
				);
				GCC_WARN_64_TO_32_BIT_CONVERSION = YES;
				GCC_WARN_ABOUT_RETURN_TYPE = YES_ERROR;
				GCC_WARN_UNDECLARED_SELECTOR = YES;
				GCC_WARN_UNINITIALIZED_AUTOS = YES_AGGRESSIVE;
				GCC_WARN_UNUSED_FUNCTION = YES;
				GCC_WARN_UNUSED_VARIABLE = YES;
				IPHONEOS_DEPLOYMENT_TARGET = 9.2;
				MTL_ENABLE_DEBUG_INFO = YES;
				ONLY_ACTIVE_ARCH = YES;
				SDKROOT = iphoneos;
				SWIFT_OPTIMIZATION_LEVEL = "-Onone";
				TARGETED_DEVICE_FAMILY = "1,2";
			};
			name = Debug;
		};
		9265E9D61C83EBE3008BA3F4 /* Release */ = {
			isa = XCBuildConfiguration;
			buildSettings = {
				ALWAYS_SEARCH_USER_PATHS = NO;
				CLANG_CXX_LANGUAGE_STANDARD = "gnu++0x";
				CLANG_CXX_LIBRARY = "libc++";
				CLANG_ENABLE_MODULES = YES;
				CLANG_ENABLE_OBJC_ARC = YES;
				CLANG_WARN_BOOL_CONVERSION = YES;
				CLANG_WARN_CONSTANT_CONVERSION = YES;
				CLANG_WARN_DIRECT_OBJC_ISA_USAGE = YES_ERROR;
				CLANG_WARN_EMPTY_BODY = YES;
				CLANG_WARN_ENUM_CONVERSION = YES;
				CLANG_WARN_INT_CONVERSION = YES;
				CLANG_WARN_OBJC_ROOT_CLASS = YES_ERROR;
				CLANG_WARN_UNREACHABLE_CODE = YES;
				CLANG_WARN__DUPLICATE_METHOD_MATCH = YES;
				"CODE_SIGN_IDENTITY[sdk=iphoneos*]" = "iPhone Developer";
				COPY_PHASE_STRIP = NO;
				DEBUG_INFORMATION_FORMAT = "dwarf-with-dsym";
				ENABLE_NS_ASSERTIONS = NO;
				ENABLE_STRICT_OBJC_MSGSEND = YES;
				GCC_C_LANGUAGE_STANDARD = gnu99;
				GCC_NO_COMMON_BLOCKS = YES;
				GCC_WARN_64_TO_32_BIT_CONVERSION = YES;
				GCC_WARN_ABOUT_RETURN_TYPE = YES_ERROR;
				GCC_WARN_UNDECLARED_SELECTOR = YES;
				GCC_WARN_UNINITIALIZED_AUTOS = YES_AGGRESSIVE;
				GCC_WARN_UNUSED_FUNCTION = YES;
				GCC_WARN_UNUSED_VARIABLE = YES;
				IPHONEOS_DEPLOYMENT_TARGET = 9.2;
				MTL_ENABLE_DEBUG_INFO = NO;
				SDKROOT = iphoneos;
				TARGETED_DEVICE_FAMILY = "1,2";
				VALIDATE_PRODUCT = YES;
			};
			name = Release;
		};
		9265E9D81C83EBE3008BA3F4 /* Debug */ = {
			isa = XCBuildConfiguration;
			buildSettings = {
				ASSETCATALOG_COMPILER_APPICON_NAME = AppIcon;
				INFOPLIST_FILE = Project10/Info.plist;
				LD_RUNPATH_SEARCH_PATHS = "$(inherited) @executable_path/Frameworks";
				PRODUCT_BUNDLE_IDENTIFIER = com.zfost.Project10;
				PRODUCT_NAME = "$(TARGET_NAME)";
				TARGETED_DEVICE_FAMILY = 1;
			};
			name = Debug;
		};
		9265E9D91C83EBE3008BA3F4 /* Release */ = {
			isa = XCBuildConfiguration;
			buildSettings = {
				ASSETCATALOG_COMPILER_APPICON_NAME = AppIcon;
				INFOPLIST_FILE = Project10/Info.plist;
				LD_RUNPATH_SEARCH_PATHS = "$(inherited) @executable_path/Frameworks";
				PRODUCT_BUNDLE_IDENTIFIER = com.zfost.Project10;
				PRODUCT_NAME = "$(TARGET_NAME)";
				TARGETED_DEVICE_FAMILY = 1;
			};
			name = Release;
		};
/* End XCBuildConfiguration section */

/* Begin XCConfigurationList section */
		9265E9C01C83EBE3008BA3F4 /* Build configuration list for PBXProject "Project10" */ = {
			isa = XCConfigurationList;
			buildConfigurations = (
				9265E9D51C83EBE3008BA3F4 /* Debug */,
				9265E9D61C83EBE3008BA3F4 /* Release */,
			);
			defaultConfigurationIsVisible = 0;
			defaultConfigurationName = Release;
		};
		9265E9D71C83EBE3008BA3F4 /* Build configuration list for PBXNativeTarget "Project10" */ = {
			isa = XCConfigurationList;
			buildConfigurations = (
				9265E9D81C83EBE3008BA3F4 /* Debug */,
				9265E9D91C83EBE3008BA3F4 /* Release */,
			);
			defaultConfigurationIsVisible = 0;
		};
/* End XCConfigurationList section */
	};
	rootObject = 9265E9BD1C83EBE3008BA3F4 /* Project object */;
}
